
Microsoft Visual Studio Solution File, Format Version 12.00
# Visual Studio 14
VisualStudioVersion = 14.0.25420.1
MinimumVisualStudioVersion = 10.0.40219.1
Project("{FAE04EC0-301F-11D3-BF4B-00C04F79EFBC}") = "Exercice01", "Exercice01\Exercice01.csproj", "{998F90E4-5DDE-4064-B1CB-8E9AFA456329}"
EndProject
Project("{FAE04EC0-301F-11D3-BF4B-00C04F79EFBC}") = "Exercice02", "Exercice02\Exercice02.csproj", "{943758E1-81D5-4031-A5BD-464341A1846D}"
EndProject
Project("{FAE04EC0-301F-11D3-BF4B-00C04F79EFBC}") = "Exercice03", "Exercice03\Exercice03.csproj", "{2743E564-D93B-4CAE-A2A0-3F5673BE1072}"
EndProject
Global
	GlobalSection(SolutionConfigurationPlatforms) = preSolution
		Debug|Any CPU = Debug|Any CPU
		Release|Any CPU = Release|Any CPU
	EndGlobalSection
	GlobalSection(ProjectConfigurationPlatforms) = postSolution
		{998F90E4-5DDE-4064-B1CB-8E9AFA456329}.Debug|Any CPU.ActiveCfg = Debug|Any CPU
		{998F90E4-5DDE-4064-B1CB-8E9AFA456329}.Debug|Any CPU.Build.0 = Debug|Any CPU
		{998F90E4-5DDE-4064-B1CB-8E9AFA456329}.Release|Any CPU.ActiveCfg = Release|Any CPU
		{998F90E4-5DDE-4064-B1CB-8E9AFA456329}.Release|Any CPU.Build.0 = Release|Any CPU
		{943758E1-81D5-4031-A5BD-464341A1846D}.Debug|Any CPU.ActiveCfg = Debug|Any CPU
		{943758E1-81D5-4031-A5BD-464341A1846D}.Debug|Any CPU.Build.0 = Debug|Any CPU
		{943758E1-81D5-4031-A5BD-464341A1846D}.Release|Any CPU.ActiveCfg = Release|Any CPU
		{943758E1-81D5-4031-A5BD-464341A1846D}.Release|Any CPU.Build.0 = Release|Any CPU
		{2743E564-D93B-4CAE-A2A0-3F5673BE1072}.Debug|Any CPU.ActiveCfg = Debug|Any CPU
		{2743E564-D93B-4CAE-A2A0-3F5673BE1072}.Debug|Any CPU.Build.0 = Debug|Any CPU
		{2743E564-D93B-4CAE-A2A0-3F5673BE1072}.Release|Any CPU.ActiveCfg = Release|Any CPU
		{2743E564-D93B-4CAE-A2A0-3F5673BE1072}.Release|Any CPU.Build.0 = Release|Any CPU
	EndGlobalSection
	GlobalSection(SolutionProperties) = preSolution
		HideSolutionNode = FALSE
	EndGlobalSection
EndGlobal
